{
  "version": 4,
  "terraform_version": "0.14.5",
  "serial": 5,
  "lineage": "6a7729ff-7bf4-13f8-350d-8d302de770cd",
  "outputs": {},
  "resources": [
    {
      "mode": "managed",
      "type": "aws_key_pair",
      "name": "microservices-demo-key",
      "provider": "provider[\"registry.terraform.io/hashicorp/aws\"]",
      "instances": [
        {
          "schema_version": 1,
          "attributes": {
            "arn": "arn:aws:ec2:sa-east-1:609651911518:key-pair/microservices-demo-key",
            "fingerprint": "90:0d:1c:46:4d:58:af:95:c2:ba:4e:31:75:aa:fd:0f",
            "id": "microservices-demo-key",
            "key_name": "microservices-demo-key",
            "key_name_prefix": null,
            "key_pair_id": "key-0a9ddb293d7f765e2",
            "public_key": "ssh-rsa AAAAB3NzaC1yc2EAAAADAQABAAACAQDLQ5Xpol5ev7KcAdKp3DIKWgvgxJwempJ4oFCMEizbRGSlww2WCySSSHlwUlrASXDZT2Zoh5MKZKvCpD54jdGUUpg0CE16kBuKgBmur9EGXNQ/qs7NAokzuCTI7XscFFPtKo/tODjQXQwDj22aj9tvnDE8J+OUiXDXfjGXslghxhCVpG/5zz0Cjy5Kj6UwNp/Jp0pOhu/ktFE3P3/HGHPDHW+ZSAWDvmEfVi7+BNu/+4FZRDE1fYi/Z+tSz+r/g/e+58DYXwj5SjFzjeJEMP1CMem3ZCFfG8Sk01652BX/PJEQbXDnD/feKMVdonmL9Ote6asRQoj1BC3wh8yCpyHax8tMSAXuozOnWQSnCJJqIx4nP03leTawLE+cLvr/770JKx30D5QrYwSRPT83G/aotyIbYGaX5TahbM2NjB0ExuojK7Um77zl7auH+fIsioOZRX0NDQR6YyaigeluGR/TpYwsiyEGI3ygpZrgFOQ4o9NWE9NA4SxBhjfvRRPrk8OzHRVrBg7kC9hq0oPS4MYbQfflGyfti69CBDCs7OH0YxNmW2pAORC0Up/4qBxHvxKIPtc1nwTr5/7Se1gbtNa9Y6huN2rLO+K8o+fEWZHi0xiwGFEUoIkhiiw/URKtiFpX0q7k54twtA9jx7oeTf61hZQ/PrvsRTcgQP9pPsc7Mw== fabio@Lenovo-PC",
            "tags": {}
          },
          "sensitive_attributes": [],
          "private": "eyJzY2hlbWFfdmVyc2lvbiI6IjEifQ=="
        }
      ]
    },
    {
      "module": "module.test-server",
      "mode": "managed",
      "type": "aws_instance",
      "name": "default",
      "provider": "provider[\"registry.terraform.io/hashicorp/aws\"]",
      "instances": [
        {
          "schema_version": 1,
          "attributes": {
            "ami": "ami-022082b7f1da62478",
            "arn": "arn:aws:ec2:sa-east-1:609651911518:instance/i-0ea54cc5d10eaa931",
            "associate_public_ip_address": true,
            "availability_zone": "sa-east-1c",
            "cpu_core_count": 1,
            "cpu_threads_per_core": 1,
            "credit_specification": [
              {
                "cpu_credits": "standard"
              }
            ],
            "disable_api_termination": false,
            "ebs_block_device": [],
            "ebs_optimized": false,
            "enclave_options": [
              {
                "enabled": false
              }
            ],
            "ephemeral_block_device": [],
            "get_password_data": false,
            "hibernation": false,
            "host_id": null,
            "iam_instance_profile": "",
            "id": "i-0ea54cc5d10eaa931",
            "instance_initiated_shutdown_behavior": null,
            "instance_state": "running",
            "instance_type": "t2.micro",
            "ipv6_address_count": 0,
            "ipv6_addresses": [],
            "key_name": "microservices-demo-key",
            "metadata_options": [
              {
                "http_endpoint": "enabled",
                "http_put_response_hop_limit": 1,
                "http_tokens": "optional"
              }
            ],
            "monitoring": false,
            "network_interface": [],
            "outpost_arn": "",
            "password_data": "",
            "placement_group": "",
            "primary_network_interface_id": "eni-0ecc944703a124317",
            "private_dns": "ip-172-31-32-124.sa-east-1.compute.internal",
            "private_ip": "172.31.32.124",
            "public_dns": "ec2-18-231-150-203.sa-east-1.compute.amazonaws.com",
            "public_ip": "18.231.150.203",
            "root_block_device": [
              {
                "delete_on_termination": true,
                "device_name": "/dev/xvda",
                "encrypted": false,
                "iops": 100,
                "kms_key_id": "",
                "tags": {},
                "throughput": 0,
                "volume_id": "vol-0b0a1a700baa1f8bf",
                "volume_size": 8,
                "volume_type": "gp2"
              }
            ],
            "secondary_private_ips": [],
            "security_groups": [
              "default"
            ],
            "source_dest_check": true,
            "subnet_id": "subnet-ef94f7b4",
            "tags": {
              "Name": "Test server"
            },
            "tenancy": "default",
            "timeouts": null,
            "user_data": "6c391d3e66d239c2108ea6a06603af7354dfe088",
            "user_data_base64": null,
            "volume_tags": null,
            "vpc_security_group_ids": [
              "sg-0890907a"
            ]
          },
          "sensitive_attributes": [],
          "private": "eyJlMmJmYjczMC1lY2FhLTExZTYtOGY4OC0zNDM2M2JjN2M0YzAiOnsiY3JlYXRlIjo2MDAwMDAwMDAwMDAsImRlbGV0ZSI6MTIwMDAwMDAwMDAwMCwidXBkYXRlIjo2MDAwMDAwMDAwMDB9LCJzY2hlbWFfdmVyc2lvbiI6IjEifQ==",
          "dependencies": [
            "aws_key_pair.microservices-demo-key"
          ]
        }
      ]
    }
  ]
}
